
Microsoft Visual Studio Solution File, Format Version 12.00
# Visual Studio Version 17
VisualStudioVersion = 17.1.32328.378
MinimumVisualStudioVersion = 10.0.40219.1
Project("{9A19103F-16F7-4668-BE54-9A1E7A4F7556}") = "Presentation.WebAPI", "src\Presentation.WebAPI\Presentation.WebAPI.csproj", "{095FD690-BE52-4639-91D7-539E42E4975F}"
EndProject
Project("{2150E333-8FDC-42A3-9474-1A3956D46DE8}") = "src", "src", "{98DD58EE-3AC0-4095-B42E-174841F0827B}"
EndProject
Project("{2150E333-8FDC-42A3-9474-1A3956D46DE8}") = "1 - Presentation", "1 - Presentation", "{C852B3EC-E62E-49B8-86CA-86EA628C0400}"
EndProject
Project("{2150E333-8FDC-42A3-9474-1A3956D46DE8}") = "tests", "tests", "{DE8CCCC2-DBB2-4944-956A-AF93175D5A9D}"
EndProject
Project("{2150E333-8FDC-42A3-9474-1A3956D46DE8}") = "Solution Items", "Solution Items", "{D5C4585C-111E-48D9-92A9-4BE882A45A07}"
	ProjectSection(SolutionItems) = preProject
		.gitignore = .gitignore
		LICENSE = LICENSE
		README.md = README.md
	EndProjectSection
EndProject
Project("{2150E333-8FDC-42A3-9474-1A3956D46DE8}") = "2 - Application", "2 - Application", "{84E94996-752C-4448-B2F2-508FD2B0F870}"
EndProject
Project("{2150E333-8FDC-42A3-9474-1A3956D46DE8}") = "3 - Domain", "3 - Domain", "{95E6B03F-D3C9-40A8-A877-031D3FD1C5FE}"
EndProject
Project("{2150E333-8FDC-42A3-9474-1A3956D46DE8}") = "4 - Data", "4 - Data", "{DFF0CE2F-C203-4F8A-9EA2-E97DA8256368}"
EndProject
Project("{2150E333-8FDC-42A3-9474-1A3956D46DE8}") = "5 - Infrastructure", "5 - Infrastructure", "{913E0188-3818-42C4-AE0C-C6B2C9B1B7A8}"
EndProject
Project("{FAE04EC0-301F-11D3-BF4B-00C04F79EFBC}") = "Data.Gateway", "src\Data.Gateway\Data.Gateway.csproj", "{E303F494-06B5-40EF-A49A-CC2C69A0C28F}"
EndProject
Project("{FAE04EC0-301F-11D3-BF4B-00C04F79EFBC}") = "Domain.Core", "src\Domain.Core\Domain.Core.csproj", "{57C35689-6805-4209-AA02-16280C26F32C}"
EndProject
Project("{FAE04EC0-301F-11D3-BF4B-00C04F79EFBC}") = "Domain.Model", "src\Domain.Model\Domain.Model.csproj", "{A5402296-BAB0-456A-AFD4-DA0D4D7EEB15}"
EndProject
Project("{FAE04EC0-301F-11D3-BF4B-00C04F79EFBC}") = "Presentation.Bootstrap", "src\Presentation.Bootstrap\Presentation.Bootstrap.csproj", "{9AE50A5B-F739-4A10-A4E8-BE2DC860C3E4}"
EndProject
Project("{FAE04EC0-301F-11D3-BF4B-00C04F79EFBC}") = "Infrastructure.CrossCutting", "src\Infrastructure.CrossCutting\Infrastructure.CrossCutting.csproj", "{30B2E4FE-21D2-46FE-A222-A95BAE80CEA6}"
EndProject
Project("{FAE04EC0-301F-11D3-BF4B-00C04F79EFBC}") = "Application.Services", "src\Application.Services\Application.Services.csproj", "{4D1E91EC-BE2A-4DAC-A2F7-16952AAAB7CB}"
EndProject
Project("{FAE04EC0-301F-11D3-BF4B-00C04F79EFBC}") = "Application.DTO", "src\Application.DTO\Application.DTO.csproj", "{4915CF39-FF51-4665-B785-BFD854FFC94C}"
EndProject
Project("{2150E333-8FDC-42A3-9474-1A3956D46DE8}") = "UnitTests", "UnitTests", "{5DDDBC4E-3BFF-4ED0-8405-4FABE294ACF8}"
EndProject
Project("{FAE04EC0-301F-11D3-BF4B-00C04F79EFBC}") = "Application.Services.Tests", "tests\Application.Services.Tests\Application.Services.Tests.csproj", "{30449D8A-E2EC-47F2-8E15-5237F4290BC5}"
EndProject
Global
	GlobalSection(SolutionConfigurationPlatforms) = preSolution
		Debug|Any CPU = Debug|Any CPU
		Release|Any CPU = Release|Any CPU
	EndGlobalSection
	GlobalSection(ProjectConfigurationPlatforms) = postSolution
		{095FD690-BE52-4639-91D7-539E42E4975F}.Debug|Any CPU.ActiveCfg = Debug|Any CPU
		{095FD690-BE52-4639-91D7-539E42E4975F}.Debug|Any CPU.Build.0 = Debug|Any CPU
		{095FD690-BE52-4639-91D7-539E42E4975F}.Release|Any CPU.ActiveCfg = Release|Any CPU
		{095FD690-BE52-4639-91D7-539E42E4975F}.Release|Any CPU.Build.0 = Release|Any CPU
		{E303F494-06B5-40EF-A49A-CC2C69A0C28F}.Debug|Any CPU.ActiveCfg = Debug|Any CPU
		{E303F494-06B5-40EF-A49A-CC2C69A0C28F}.Debug|Any CPU.Build.0 = Debug|Any CPU
		{E303F494-06B5-40EF-A49A-CC2C69A0C28F}.Release|Any CPU.ActiveCfg = Release|Any CPU
		{E303F494-06B5-40EF-A49A-CC2C69A0C28F}.Release|Any CPU.Build.0 = Release|Any CPU
		{57C35689-6805-4209-AA02-16280C26F32C}.Debug|Any CPU.ActiveCfg = Debug|Any CPU
		{57C35689-6805-4209-AA02-16280C26F32C}.Debug|Any CPU.Build.0 = Debug|Any CPU
		{57C35689-6805-4209-AA02-16280C26F32C}.Release|Any CPU.ActiveCfg = Release|Any CPU
		{57C35689-6805-4209-AA02-16280C26F32C}.Release|Any CPU.Build.0 = Release|Any CPU
		{A5402296-BAB0-456A-AFD4-DA0D4D7EEB15}.Debug|Any CPU.ActiveCfg = Debug|Any CPU
		{A5402296-BAB0-456A-AFD4-DA0D4D7EEB15}.Debug|Any CPU.Build.0 = Debug|Any CPU
		{A5402296-BAB0-456A-AFD4-DA0D4D7EEB15}.Release|Any CPU.ActiveCfg = Release|Any CPU
		{A5402296-BAB0-456A-AFD4-DA0D4D7EEB15}.Release|Any CPU.Build.0 = Release|Any CPU
		{9AE50A5B-F739-4A10-A4E8-BE2DC860C3E4}.Debug|Any CPU.ActiveCfg = Debug|Any CPU
		{9AE50A5B-F739-4A10-A4E8-BE2DC860C3E4}.Debug|Any CPU.Build.0 = Debug|Any CPU
		{9AE50A5B-F739-4A10-A4E8-BE2DC860C3E4}.Release|Any CPU.ActiveCfg = Release|Any CPU
		{9AE50A5B-F739-4A10-A4E8-BE2DC860C3E4}.Release|Any CPU.Build.0 = Release|Any CPU
		{30B2E4FE-21D2-46FE-A222-A95BAE80CEA6}.Debug|Any CPU.ActiveCfg = Debug|Any CPU
		{30B2E4FE-21D2-46FE-A222-A95BAE80CEA6}.Debug|Any CPU.Build.0 = Debug|Any CPU
		{30B2E4FE-21D2-46FE-A222-A95BAE80CEA6}.Release|Any CPU.ActiveCfg = Release|Any CPU
		{30B2E4FE-21D2-46FE-A222-A95BAE80CEA6}.Release|Any CPU.Build.0 = Release|Any CPU
		{4D1E91EC-BE2A-4DAC-A2F7-16952AAAB7CB}.Debug|Any CPU.ActiveCfg = Debug|Any CPU
		{4D1E91EC-BE2A-4DAC-A2F7-16952AAAB7CB}.Debug|Any CPU.Build.0 = Debug|Any CPU
		{4D1E91EC-BE2A-4DAC-A2F7-16952AAAB7CB}.Release|Any CPU.ActiveCfg = Release|Any CPU
		{4D1E91EC-BE2A-4DAC-A2F7-16952AAAB7CB}.Release|Any CPU.Build.0 = Release|Any CPU
		{4915CF39-FF51-4665-B785-BFD854FFC94C}.Debug|Any CPU.ActiveCfg = Debug|Any CPU
		{4915CF39-FF51-4665-B785-BFD854FFC94C}.Debug|Any CPU.Build.0 = Debug|Any CPU
		{4915CF39-FF51-4665-B785-BFD854FFC94C}.Release|Any CPU.ActiveCfg = Release|Any CPU
		{4915CF39-FF51-4665-B785-BFD854FFC94C}.Release|Any CPU.Build.0 = Release|Any CPU
		{30449D8A-E2EC-47F2-8E15-5237F4290BC5}.Debug|Any CPU.ActiveCfg = Debug|Any CPU
		{30449D8A-E2EC-47F2-8E15-5237F4290BC5}.Debug|Any CPU.Build.0 = Debug|Any CPU
		{30449D8A-E2EC-47F2-8E15-5237F4290BC5}.Release|Any CPU.ActiveCfg = Release|Any CPU
		{30449D8A-E2EC-47F2-8E15-5237F4290BC5}.Release|Any CPU.Build.0 = Release|Any CPU
	EndGlobalSection
	GlobalSection(SolutionProperties) = preSolution
		HideSolutionNode = FALSE
	EndGlobalSection
	GlobalSection(NestedProjects) = preSolution
		{095FD690-BE52-4639-91D7-539E42E4975F} = {C852B3EC-E62E-49B8-86CA-86EA628C0400}
		{C852B3EC-E62E-49B8-86CA-86EA628C0400} = {98DD58EE-3AC0-4095-B42E-174841F0827B}
		{84E94996-752C-4448-B2F2-508FD2B0F870} = {98DD58EE-3AC0-4095-B42E-174841F0827B}
		{95E6B03F-D3C9-40A8-A877-031D3FD1C5FE} = {98DD58EE-3AC0-4095-B42E-174841F0827B}
		{DFF0CE2F-C203-4F8A-9EA2-E97DA8256368} = {98DD58EE-3AC0-4095-B42E-174841F0827B}
		{913E0188-3818-42C4-AE0C-C6B2C9B1B7A8} = {98DD58EE-3AC0-4095-B42E-174841F0827B}
		{E303F494-06B5-40EF-A49A-CC2C69A0C28F} = {DFF0CE2F-C203-4F8A-9EA2-E97DA8256368}
		{57C35689-6805-4209-AA02-16280C26F32C} = {95E6B03F-D3C9-40A8-A877-031D3FD1C5FE}
		{A5402296-BAB0-456A-AFD4-DA0D4D7EEB15} = {95E6B03F-D3C9-40A8-A877-031D3FD1C5FE}
		{9AE50A5B-F739-4A10-A4E8-BE2DC860C3E4} = {C852B3EC-E62E-49B8-86CA-86EA628C0400}
		{30B2E4FE-21D2-46FE-A222-A95BAE80CEA6} = {913E0188-3818-42C4-AE0C-C6B2C9B1B7A8}
		{4D1E91EC-BE2A-4DAC-A2F7-16952AAAB7CB} = {84E94996-752C-4448-B2F2-508FD2B0F870}
		{4915CF39-FF51-4665-B785-BFD854FFC94C} = {84E94996-752C-4448-B2F2-508FD2B0F870}
		{5DDDBC4E-3BFF-4ED0-8405-4FABE294ACF8} = {DE8CCCC2-DBB2-4944-956A-AF93175D5A9D}
		{30449D8A-E2EC-47F2-8E15-5237F4290BC5} = {5DDDBC4E-3BFF-4ED0-8405-4FABE294ACF8}
	EndGlobalSection
	GlobalSection(ExtensibilityGlobals) = postSolution
		SolutionGuid = {7C42A7B4-69AF-4070-B231-6B5CDB0C6FA5}
	EndGlobalSection
EndGlobal
